// !$*UTF8*$!
{
	archiveVersion = 1;
	classes = {
	};
	objectVersion = 46;
	objects = {

/* Begin PBXBuildFile section */
		27BAD2529D6A47BD91C1BB20 /* libPods.a in Frameworks */ = {isa = PBXBuildFile; fileRef = D58AB964C8ED43B0BA6519F1 /* libPods.a */; };
		AA1E368B1808F80A00594856 /* Foundation.framework in Frameworks */ = {isa = PBXBuildFile; fileRef = AA1E368A1808F80A00594856 /* Foundation.framework */; };
		AA1E368D1808F80A00594856 /* CoreGraphics.framework in Frameworks */ = {isa = PBXBuildFile; fileRef = AA1E368C1808F80A00594856 /* CoreGraphics.framework */; };
		AA1E368F1808F80B00594856 /* UIKit.framework in Frameworks */ = {isa = PBXBuildFile; fileRef = AA1E368E1808F80B00594856 /* UIKit.framework */; };
		AA1E36951808F80B00594856 /* InfoPlist.strings in Resources */ = {isa = PBXBuildFile; fileRef = AA1E36931808F80B00594856 /* InfoPlist.strings */; };
		AA1E36971808F80B00594856 /* main.m in Sources */ = {isa = PBXBuildFile; fileRef = AA1E36961808F80B00594856 /* main.m */; };
		AA1E369B1808F80B00594856 /* AppDelegate.m in Sources */ = {isa = PBXBuildFile; fileRef = AA1E369A1808F80B00594856 /* AppDelegate.m */; };
		AA1E369E1808F80B00594856 /* Main_iPhone.storyboard in Resources */ = {isa = PBXBuildFile; fileRef = AA1E369C1808F80B00594856 /* Main_iPhone.storyboard */; };
		AA1E36A11808F80B00594856 /* Main_iPad.storyboard in Resources */ = {isa = PBXBuildFile; fileRef = AA1E369F1808F80B00594856 /* Main_iPad.storyboard */; };
		AA1E36A41808F80B00594856 /* FeedListViewController.m in Sources */ = {isa = PBXBuildFile; fileRef = AA1E36A31808F80B00594856 /* FeedListViewController.m */; };
		AA1E36A61808F80B00594856 /* Images.xcassets in Resources */ = {isa = PBXBuildFile; fileRef = AA1E36A51808F80B00594856 /* Images.xcassets */; };
		AA1E36AD1808F80B00594856 /* XCTest.framework in Frameworks */ = {isa = PBXBuildFile; fileRef = AA1E36AC1808F80B00594856 /* XCTest.framework */; };
		AA1E36AE1808F80B00594856 /* Foundation.framework in Frameworks */ = {isa = PBXBuildFile; fileRef = AA1E368A1808F80A00594856 /* Foundation.framework */; };
		AA1E36AF1808F80B00594856 /* UIKit.framework in Frameworks */ = {isa = PBXBuildFile; fileRef = AA1E368E1808F80B00594856 /* UIKit.framework */; };
		AA1E36B71808F80B00594856 /* InfoPlist.strings in Resources */ = {isa = PBXBuildFile; fileRef = AA1E36B51808F80B00594856 /* InfoPlist.strings */; };
		AA1E36B91808F80B00594856 /* NotificationsTests.m in Sources */ = {isa = PBXBuildFile; fileRef = AA1E36B81808F80B00594856 /* NotificationsTests.m */; };
		AA6786D1180B327A00BA8158 /* Feed.m in Sources */ = {isa = PBXBuildFile; fileRef = AA6786D0180B327A00BA8158 /* Feed.m */; };
		AA6786E2180B477700BA8158 /* NotificationsAPIClient.m in Sources */ = {isa = PBXBuildFile; fileRef = AA6786E1180B477700BA8158 /* NotificationsAPIClient.m */; };
		AA77318A180C585B007CD020 /* NotificationDetailViewController.m in Sources */ = {isa = PBXBuildFile; fileRef = AA773189180C585B007CD020 /* NotificationDetailViewController.m */; };
		AA7E52C5180BAACF0018E55C /* NSData+HexString.m in Sources */ = {isa = PBXBuildFile; fileRef = AA7E52C4180BAACF0018E55C /* NSData+HexString.m */; };
		AA7E52D3180BB5C40018E55C /* Notification.m in Sources */ = {isa = PBXBuildFile; fileRef = AA7E52D2180BB5C40018E55C /* Notification.m */; };
		AAC265911809AD13009D0DF2 /* UnreadNotificationsIndicatorView.m in Sources */ = {isa = PBXBuildFile; fileRef = AAC265901809AD13009D0DF2 /* UnreadNotificationsIndicatorView.m */; };
		AAC265941809BFCD009D0DF2 /* SubscribeModalViewController.m in Sources */ = {isa = PBXBuildFile; fileRef = AAC265931809BFCD009D0DF2 /* SubscribeModalViewController.m */; };
		AAC2659F1809D05E009D0DF2 /* NotificationsListViewController.m in Sources */ = {isa = PBXBuildFile; fileRef = AAC2659E1809D05E009D0DF2 /* NotificationsListViewController.m */; };
/* End PBXBuildFile section */

/* Begin PBXContainerItemProxy section */
		AA1E36B01808F80B00594856 /* PBXContainerItemProxy */ = {
			isa = PBXContainerItemProxy;
			containerPortal = AA1E367F1808F80A00594856 /* Project object */;
			proxyType = 1;
			remoteGlobalIDString = AA1E36861808F80A00594856;
			remoteInfo = Notifications;
		};
/* End PBXContainerItemProxy section */

/* Begin PBXFileReference section */
		9791054768BF40B9A45934CB /* Pods.xcconfig */ = {isa = PBXFileReference; includeInIndex = 1; lastKnownFileType = text.xcconfig; name = Pods.xcconfig; path = Pods/Pods.xcconfig; sourceTree = "<group>"; };
		AA1E36871808F80A00594856 /* Notifications.app */ = {isa = PBXFileReference; explicitFileType = wrapper.application; includeInIndex = 0; path = Notifications.app; sourceTree = BUILT_PRODUCTS_DIR; };
		AA1E368A1808F80A00594856 /* Foundation.framework */ = {isa = PBXFileReference; lastKnownFileType = wrapper.framework; name = Foundation.framework; path = System/Library/Frameworks/Foundation.framework; sourceTree = SDKROOT; };
		AA1E368C1808F80A00594856 /* CoreGraphics.framework */ = {isa = PBXFileReference; lastKnownFileType = wrapper.framework; name = CoreGraphics.framework; path = System/Library/Frameworks/CoreGraphics.framework; sourceTree = SDKROOT; };
		AA1E368E1808F80B00594856 /* UIKit.framework */ = {isa = PBXFileReference; lastKnownFileType = wrapper.framework; name = UIKit.framework; path = System/Library/Frameworks/UIKit.framework; sourceTree = SDKROOT; };
		AA1E36921808F80B00594856 /* Notifications-Info.plist */ = {isa = PBXFileReference; lastKnownFileType = text.plist.xml; path = "Notifications-Info.plist"; sourceTree = "<group>"; };
		AA1E36941808F80B00594856 /* en */ = {isa = PBXFileReference; lastKnownFileType = text.plist.strings; name = en; path = en.lproj/InfoPlist.strings; sourceTree = "<group>"; };
		AA1E36961808F80B00594856 /* main.m */ = {isa = PBXFileReference; lastKnownFileType = sourcecode.c.objc; path = main.m; sourceTree = "<group>"; };
		AA1E36981808F80B00594856 /* Notifications-Prefix.pch */ = {isa = PBXFileReference; lastKnownFileType = sourcecode.c.h; path = "Notifications-Prefix.pch"; sourceTree = "<group>"; };
		AA1E36991808F80B00594856 /* AppDelegate.h */ = {isa = PBXFileReference; lastKnownFileType = sourcecode.c.h; path = AppDelegate.h; sourceTree = "<group>"; };
		AA1E369A1808F80B00594856 /* AppDelegate.m */ = {isa = PBXFileReference; lastKnownFileType = sourcecode.c.objc; path = AppDelegate.m; sourceTree = "<group>"; };
		AA1E369D1808F80B00594856 /* Base */ = {isa = PBXFileReference; lastKnownFileType = file.storyboard; name = Base; path = Base.lproj/Main_iPhone.storyboard; sourceTree = "<group>"; };
		AA1E36A01808F80B00594856 /* Base */ = {isa = PBXFileReference; lastKnownFileType = file.storyboard; name = Base; path = Base.lproj/Main_iPad.storyboard; sourceTree = "<group>"; };
		AA1E36A21808F80B00594856 /* FeedListViewController.h */ = {isa = PBXFileReference; lastKnownFileType = sourcecode.c.h; path = FeedListViewController.h; sourceTree = "<group>"; };
		AA1E36A31808F80B00594856 /* FeedListViewController.m */ = {isa = PBXFileReference; lastKnownFileType = sourcecode.c.objc; path = FeedListViewController.m; sourceTree = "<group>"; };
		AA1E36A51808F80B00594856 /* Images.xcassets */ = {isa = PBXFileReference; lastKnownFileType = folder.assetcatalog; path = Images.xcassets; sourceTree = "<group>"; };
		AA1E36AB1808F80B00594856 /* NotificationsTests.xctest */ = {isa = PBXFileReference; explicitFileType = wrapper.cfbundle; includeInIndex = 0; path = NotificationsTests.xctest; sourceTree = BUILT_PRODUCTS_DIR; };
		AA1E36AC1808F80B00594856 /* XCTest.framework */ = {isa = PBXFileReference; lastKnownFileType = wrapper.framework; name = XCTest.framework; path = Library/Frameworks/XCTest.framework; sourceTree = DEVELOPER_DIR; };
		AA1E36B41808F80B00594856 /* NotificationsTests-Info.plist */ = {isa = PBXFileReference; lastKnownFileType = text.plist.xml; path = "NotificationsTests-Info.plist"; sourceTree = "<group>"; };
		AA1E36B61808F80B00594856 /* en */ = {isa = PBXFileReference; lastKnownFileType = text.plist.strings; name = en; path = en.lproj/InfoPlist.strings; sourceTree = "<group>"; };
		AA1E36B81808F80B00594856 /* NotificationsTests.m */ = {isa = PBXFileReference; lastKnownFileType = sourcecode.c.objc; path = NotificationsTests.m; sourceTree = "<group>"; };
		AA6786CF180B327A00BA8158 /* Feed.h */ = {isa = PBXFileReference; fileEncoding = 4; lastKnownFileType = sourcecode.c.h; path = Feed.h; sourceTree = "<group>"; };
		AA6786D0180B327A00BA8158 /* Feed.m */ = {isa = PBXFileReference; fileEncoding = 4; lastKnownFileType = sourcecode.c.objc; path = Feed.m; sourceTree = "<group>"; };
		AA6786D2180B3E8300BA8158 /* Security.framework */ = {isa = PBXFileReference; lastKnownFileType = wrapper.framework; name = Security.framework; path = System/Library/Frameworks/Security.framework; sourceTree = SDKROOT; };
		AA6786E0180B477700BA8158 /* NotificationsAPIClient.h */ = {isa = PBXFileReference; fileEncoding = 4; lastKnownFileType = sourcecode.c.h; path = NotificationsAPIClient.h; sourceTree = "<group>"; };
		AA6786E1180B477700BA8158 /* NotificationsAPIClient.m */ = {isa = PBXFileReference; fileEncoding = 4; lastKnownFileType = sourcecode.c.objc; path = NotificationsAPIClient.m; sourceTree = "<group>"; };
		AA6786E3180B503000BA8158 /* libPods-AFNetworking.a */ = {isa = PBXFileReference; lastKnownFileType = archive.ar; name = "libPods-AFNetworking.a"; path = "Pods/build/Debug-iphoneos/libPods-AFNetworking.a"; sourceTree = "<group>"; };
		AA773188180C585B007CD020 /* NotificationDetailViewController.h */ = {isa = PBXFileReference; fileEncoding = 4; lastKnownFileType = sourcecode.c.h; path = NotificationDetailViewController.h; sourceTree = "<group>"; };
		AA773189180C585B007CD020 /* NotificationDetailViewController.m */ = {isa = PBXFileReference; fileEncoding = 4; lastKnownFileType = sourcecode.c.objc; path = NotificationDetailViewController.m; sourceTree = "<group>"; };
		AA7E52C3180BAACF0018E55C /* NSData+HexString.h */ = {isa = PBXFileReference; fileEncoding = 4; lastKnownFileType = sourcecode.c.h; path = "NSData+HexString.h"; sourceTree = "<group>"; };
		AA7E52C4180BAACF0018E55C /* NSData+HexString.m */ = {isa = PBXFileReference; fileEncoding = 4; lastKnownFileType = sourcecode.c.objc; path = "NSData+HexString.m"; sourceTree = "<group>"; };
		AA7E52D1180BB5C40018E55C /* Notification.h */ = {isa = PBXFileReference; fileEncoding = 4; lastKnownFileType = sourcecode.c.h; path = Notification.h; sourceTree = "<group>"; };
		AA7E52D2180BB5C40018E55C /* Notification.m */ = {isa = PBXFileReference; fileEncoding = 4; lastKnownFileType = sourcecode.c.objc; path = Notification.m; sourceTree = "<group>"; };
		AAC2658F1809AD13009D0DF2 /* UnreadNotificationsIndicatorView.h */ = {isa = PBXFileReference; fileEncoding = 4; lastKnownFileType = sourcecode.c.h; path = UnreadNotificationsIndicatorView.h; sourceTree = "<group>"; };
		AAC265901809AD13009D0DF2 /* UnreadNotificationsIndicatorView.m */ = {isa = PBXFileReference; fileEncoding = 4; lastKnownFileType = sourcecode.c.objc; path = UnreadNotificationsIndicatorView.m; sourceTree = "<group>"; };
		AAC265921809BFCD009D0DF2 /* SubscribeModalViewController.h */ = {isa = PBXFileReference; fileEncoding = 4; lastKnownFileType = sourcecode.c.h; path = SubscribeModalViewController.h; sourceTree = "<group>"; };
		AAC265931809BFCD009D0DF2 /* SubscribeModalViewController.m */ = {isa = PBXFileReference; fileEncoding = 4; lastKnownFileType = sourcecode.c.objc; path = SubscribeModalViewController.m; sourceTree = "<group>"; };
		AAC265951809C428009D0DF2 /* Config.h */ = {isa = PBXFileReference; lastKnownFileType = sourcecode.c.h; path = Config.h; sourceTree = "<group>"; };
		AAC2659D1809D05E009D0DF2 /* NotificationsListViewController.h */ = {isa = PBXFileReference; fileEncoding = 4; lastKnownFileType = sourcecode.c.h; path = NotificationsListViewController.h; sourceTree = "<group>"; };
		AAC2659E1809D05E009D0DF2 /* NotificationsListViewController.m */ = {isa = PBXFileReference; fileEncoding = 4; lastKnownFileType = sourcecode.c.objc; path = NotificationsListViewController.m; sourceTree = "<group>"; };
		D58AB964C8ED43B0BA6519F1 /* libPods.a */ = {isa = PBXFileReference; explicitFileType = archive.ar; includeInIndex = 0; path = libPods.a; sourceTree = BUILT_PRODUCTS_DIR; };
/* End PBXFileReference section */

/* Begin PBXFrameworksBuildPhase section */
		AA1E36841808F80A00594856 /* Frameworks */ = {
			isa = PBXFrameworksBuildPhase;
			buildActionMask = 2147483647;
			files = (
				AA1E368D1808F80A00594856 /* CoreGraphics.framework in Frameworks */,
				AA1E368F1808F80B00594856 /* UIKit.framework in Frameworks */,
				AA1E368B1808F80A00594856 /* Foundation.framework in Frameworks */,
				27BAD2529D6A47BD91C1BB20 /* libPods.a in Frameworks */,
			);
			runOnlyForDeploymentPostprocessing = 0;
		};
		AA1E36A81808F80B00594856 /* Frameworks */ = {
			isa = PBXFrameworksBuildPhase;
			buildActionMask = 2147483647;
			files = (
				AA1E36AD1808F80B00594856 /* XCTest.framework in Frameworks */,
				AA1E36AF1808F80B00594856 /* UIKit.framework in Frameworks */,
				AA1E36AE1808F80B00594856 /* Foundation.framework in Frameworks */,
			);
			runOnlyForDeploymentPostprocessing = 0;
		};
/* End PBXFrameworksBuildPhase section */

/* Begin PBXGroup section */
		AA1E367E1808F80A00594856 = {
			isa = PBXGroup;
			children = (
				AA1E36901808F80B00594856 /* Notifications */,
				AA1E36B21808F80B00594856 /* NotificationsTests */,
				AA1E36891808F80A00594856 /* Frameworks */,
				AA1E36881808F80A00594856 /* Products */,
				9791054768BF40B9A45934CB /* Pods.xcconfig */,
			);
			sourceTree = "<group>";
		};
		AA1E36881808F80A00594856 /* Products */ = {
			isa = PBXGroup;
			children = (
				AA1E36871808F80A00594856 /* Notifications.app */,
				AA1E36AB1808F80B00594856 /* NotificationsTests.xctest */,
			);
			name = Products;
			sourceTree = "<group>";
		};
		AA1E36891808F80A00594856 /* Frameworks */ = {
			isa = PBXGroup;
			children = (
				AA6786E3180B503000BA8158 /* libPods-AFNetworking.a */,
				AA6786D2180B3E8300BA8158 /* Security.framework */,
				AA1E368A1808F80A00594856 /* Foundation.framework */,
				AA1E368C1808F80A00594856 /* CoreGraphics.framework */,
				AA1E368E1808F80B00594856 /* UIKit.framework */,
				AA1E36AC1808F80B00594856 /* XCTest.framework */,
				D58AB964C8ED43B0BA6519F1 /* libPods.a */,
			);
			name = Frameworks;
			sourceTree = "<group>";
		};
		AA1E36901808F80B00594856 /* Notifications */ = {
			isa = PBXGroup;
			children = (
				AA1E36991808F80B00594856 /* AppDelegate.h */,
				AA1E369A1808F80B00594856 /* AppDelegate.m */,
				AAC265951809C428009D0DF2 /* Config.h */,
				AA1E369C1808F80B00594856 /* Main_iPhone.storyboard */,
				AA1E369F1808F80B00594856 /* Main_iPad.storyboard */,
				AA7E52C8180BABD10018E55C /* View Controllers */,
				AA7E52C7180BABCC0018E55C /* Views */,
				AA7E52C6180BABC50018E55C /* Models */,
				AA7E52C9180BABD70018E55C /* Categories */,
				AA7E52D0180BACC90018E55C /* Utils */,
				AA1E36A51808F80B00594856 /* Images.xcassets */,
				AA1E36911808F80B00594856 /* Supporting Files */,
			);
			path = Notifications;
			sourceTree = "<group>";
		};
		AA1E36911808F80B00594856 /* Supporting Files */ = {
			isa = PBXGroup;
			children = (
				AA1E36921808F80B00594856 /* Notifications-Info.plist */,
				AA1E36931808F80B00594856 /* InfoPlist.strings */,
				AA1E36961808F80B00594856 /* main.m */,
				AA1E36981808F80B00594856 /* Notifications-Prefix.pch */,
			);
			name = "Supporting Files";
			sourceTree = "<group>";
		};
		AA1E36B21808F80B00594856 /* NotificationsTests */ = {
			isa = PBXGroup;
			children = (
				AA1E36B81808F80B00594856 /* NotificationsTests.m */,
				AA1E36B31808F80B00594856 /* Supporting Files */,
			);
			path = NotificationsTests;
			sourceTree = "<group>";
		};
		AA1E36B31808F80B00594856 /* Supporting Files */ = {
			isa = PBXGroup;
			children = (
				AA1E36B41808F80B00594856 /* NotificationsTests-Info.plist */,
				AA1E36B51808F80B00594856 /* InfoPlist.strings */,
			);
			name = "Supporting Files";
			sourceTree = "<group>";
		};
		AA7E52C6180BABC50018E55C /* Models */ = {
			isa = PBXGroup;
			children = (
				AA6786CF180B327A00BA8158 /* Feed.h */,
				AA6786D0180B327A00BA8158 /* Feed.m */,
				AA7E52D1180BB5C40018E55C /* Notification.h */,
				AA7E52D2180BB5C40018E55C /* Notification.m */,
			);
			name = Models;
			sourceTree = "<group>";
		};
		AA7E52C7180BABCC0018E55C /* Views */ = {
			isa = PBXGroup;
			children = (
				AAC2658F1809AD13009D0DF2 /* UnreadNotificationsIndicatorView.h */,
				AAC265901809AD13009D0DF2 /* UnreadNotificationsIndicatorView.m */,
			);
			name = Views;
			sourceTree = "<group>";
		};
		AA7E52C8180BABD10018E55C /* View Controllers */ = {
			isa = PBXGroup;
			children = (
				AA1E36A21808F80B00594856 /* FeedListViewController.h */,
				AA1E36A31808F80B00594856 /* FeedListViewController.m */,
				AAC2659D1809D05E009D0DF2 /* NotificationsListViewController.h */,
				AAC2659E1809D05E009D0DF2 /* NotificationsListViewController.m */,
				AA773188180C585B007CD020 /* NotificationDetailViewController.h */,
				AA773189180C585B007CD020 /* NotificationDetailViewController.m */,
				AAC265921809BFCD009D0DF2 /* SubscribeModalViewController.h */,
				AAC265931809BFCD009D0DF2 /* SubscribeModalViewController.m */,
			);
			name = "View Controllers";
			sourceTree = "<group>";
		};
		AA7E52C9180BABD70018E55C /* Categories */ = {
			isa = PBXGroup;
			children = (
				AA7E52C3180BAACF0018E55C /* NSData+HexString.h */,
				AA7E52C4180BAACF0018E55C /* NSData+HexString.m */,
			);
			name = Categories;
			sourceTree = "<group>";
		};
		AA7E52D0180BACC90018E55C /* Utils */ = {
			isa = PBXGroup;
			children = (
				AA6786E0180B477700BA8158 /* NotificationsAPIClient.h */,
				AA6786E1180B477700BA8158 /* NotificationsAPIClient.m */,
			);
			name = Utils;
			sourceTree = "<group>";
		};
/* End PBXGroup section */

/* Begin PBXNativeTarget section */
		AA1E36861808F80A00594856 /* Notifications */ = {
			isa = PBXNativeTarget;
			buildConfigurationList = AA1E36BC1808F80B00594856 /* Build configuration list for PBXNativeTarget "Notifications" */;
			buildPhases = (
				8784988C9F27440E865175C7 /* Check Pods Manifest.lock */,
				AA1E36831808F80A00594856 /* Sources */,
				AA1E36841808F80A00594856 /* Frameworks */,
				AA1E36851808F80A00594856 /* Resources */,
				2B0045A3FA5249608DED2667 /* Copy Pods Resources */,
			);
			buildRules = (
			);
			dependencies = (
			);
			name = Notifications;
			productName = Notifications;
			productReference = AA1E36871808F80A00594856 /* Notifications.app */;
			productType = "com.apple.product-type.application";
		};
		AA1E36AA1808F80B00594856 /* NotificationsTests */ = {
			isa = PBXNativeTarget;
			buildConfigurationList = AA1E36BF1808F80B00594856 /* Build configuration list for PBXNativeTarget "NotificationsTests" */;
			buildPhases = (
				AA1E36A71808F80B00594856 /* Sources */,
				AA1E36A81808F80B00594856 /* Frameworks */,
				AA1E36A91808F80B00594856 /* Resources */,
			);
			buildRules = (
			);
			dependencies = (
				AA1E36B11808F80B00594856 /* PBXTargetDependency */,
			);
			name = NotificationsTests;
			productName = NotificationsTests;
			productReference = AA1E36AB1808F80B00594856 /* NotificationsTests.xctest */;
			productType = "com.apple.product-type.bundle.unit-test";
		};
/* End PBXNativeTarget section */

/* Begin PBXProject section */
		AA1E367F1808F80A00594856 /* Project object */ = {
			isa = PBXProject;
			attributes = {
				LastUpgradeCheck = 0500;
				ORGANIZATIONNAME = "Binary Seal";
				TargetAttributes = {
					AA1E36AA1808F80B00594856 = {
						TestTargetID = AA1E36861808F80A00594856;
					};
				};
			};
			buildConfigurationList = AA1E36821808F80A00594856 /* Build configuration list for PBXProject "Notifications" */;
			compatibilityVersion = "Xcode 3.2";
			developmentRegion = English;
			hasScannedForEncodings = 0;
			knownRegions = (
				en,
				Base,
			);
			mainGroup = AA1E367E1808F80A00594856;
			productRefGroup = AA1E36881808F80A00594856 /* Products */;
			projectDirPath = "";
			projectRoot = "";
			targets = (
				AA1E36861808F80A00594856 /* Notifications */,
				AA1E36AA1808F80B00594856 /* NotificationsTests */,
			);
		};
/* End PBXProject section */

/* Begin PBXResourcesBuildPhase section */
		AA1E36851808F80A00594856 /* Resources */ = {
			isa = PBXResourcesBuildPhase;
			buildActionMask = 2147483647;
			files = (
				AA1E36A11808F80B00594856 /* Main_iPad.storyboard in Resources */,
				AA1E36A61808F80B00594856 /* Images.xcassets in Resources */,
				AA1E369E1808F80B00594856 /* Main_iPhone.storyboard in Resources */,
				AA1E36951808F80B00594856 /* InfoPlist.strings in Resources */,
			);
			runOnlyForDeploymentPostprocessing = 0;
		};
		AA1E36A91808F80B00594856 /* Resources */ = {
			isa = PBXResourcesBuildPhase;
			buildActionMask = 2147483647;
			files = (
				AA1E36B71808F80B00594856 /* InfoPlist.strings in Resources */,
			);
			runOnlyForDeploymentPostprocessing = 0;
		};
/* End PBXResourcesBuildPhase section */

/* Begin PBXShellScriptBuildPhase section */
		2B0045A3FA5249608DED2667 /* Copy Pods Resources */ = {
			isa = PBXShellScriptBuildPhase;
			buildActionMask = 2147483647;
			files = (
			);
			inputPaths = (
			);
			name = "Copy Pods Resources";
			outputPaths = (
			);
			runOnlyForDeploymentPostprocessing = 0;
			shellPath = /bin/sh;
			shellScript = "\"${SRCROOT}/Pods/Pods-resources.sh\"\n";
			showEnvVarsInLog = 0;
		};
		8784988C9F27440E865175C7 /* Check Pods Manifest.lock */ = {
			isa = PBXShellScriptBuildPhase;
			buildActionMask = 2147483647;
			files = (
			);
			inputPaths = (
			);
			name = "Check Pods Manifest.lock";
			outputPaths = (
			);
			runOnlyForDeploymentPostprocessing = 0;
			shellPath = /bin/sh;
			shellScript = "diff \"${PODS_ROOT}/../Podfile.lock\" \"${PODS_ROOT}/Manifest.lock\" > /dev/null\nif [[ $? != 0 ]] ; then\n    cat << EOM\nerror: The sandbox is not in sync with the Podfile.lock. Run 'pod install' or update your CocoaPods installation.\nEOM\n    exit 1\nfi\n";
			showEnvVarsInLog = 0;
		};
/* End PBXShellScriptBuildPhase section */

/* Begin PBXSourcesBuildPhase section */
		AA1E36831808F80A00594856 /* Sources */ = {
			isa = PBXSourcesBuildPhase;
			buildActionMask = 2147483647;
			files = (
				AA1E36A41808F80B00594856 /* FeedListViewController.m in Sources */,
				AAC265911809AD13009D0DF2 /* UnreadNotificationsIndicatorView.m in Sources */,
				AA7E52D3180BB5C40018E55C /* Notification.m in Sources */,
				AA1E369B1808F80B00594856 /* AppDelegate.m in Sources */,
				AAC2659F1809D05E009D0DF2 /* NotificationsListViewController.m in Sources */,
				AA77318A180C585B007CD020 /* NotificationDetailViewController.m in Sources */,
				AA7E52C5180BAACF0018E55C /* NSData+HexString.m in Sources */,
				AA6786D1180B327A00BA8158 /* Feed.m in Sources */,
				AAC265941809BFCD009D0DF2 /* SubscribeModalViewController.m in Sources */,
				AA6786E2180B477700BA8158 /* NotificationsAPIClient.m in Sources */,
				AA1E36971808F80B00594856 /* main.m in Sources */,
			);
			runOnlyForDeploymentPostprocessing = 0;
		};
		AA1E36A71808F80B00594856 /* Sources */ = {
			isa = PBXSourcesBuildPhase;
			buildActionMask = 2147483647;
			files = (
				AA1E36B91808F80B00594856 /* NotificationsTests.m in Sources */,
			);
			runOnlyForDeploymentPostprocessing = 0;
		};
/* End PBXSourcesBuildPhase section */

/* Begin PBXTargetDependency section */
		AA1E36B11808F80B00594856 /* PBXTargetDependency */ = {
			isa = PBXTargetDependency;
			target = AA1E36861808F80A00594856 /* Notifications */;
			targetProxy = AA1E36B01808F80B00594856 /* PBXContainerItemProxy */;
		};
/* End PBXTargetDependency section */

/* Begin PBXVariantGroup section */
		AA1E36931808F80B00594856 /* InfoPlist.strings */ = {
			isa = PBXVariantGroup;
			children = (
				AA1E36941808F80B00594856 /* en */,
			);
			name = InfoPlist.strings;
			sourceTree = "<group>";
		};
		AA1E369C1808F80B00594856 /* Main_iPhone.storyboard */ = {
			isa = PBXVariantGroup;
			children = (
				AA1E369D1808F80B00594856 /* Base */,
			);
			name = Main_iPhone.storyboard;
			sourceTree = "<group>";
		};
		AA1E369F1808F80B00594856 /* Main_iPad.storyboard */ = {
			isa = PBXVariantGroup;
			children = (
				AA1E36A01808F80B00594856 /* Base */,
			);
			name = Main_iPad.storyboard;
			sourceTree = "<group>";
		};
		AA1E36B51808F80B00594856 /* InfoPlist.strings */ = {
			isa = PBXVariantGroup;
			children = (
				AA1E36B61808F80B00594856 /* en */,
			);
			name = InfoPlist.strings;
			sourceTree = "<group>";
		};
/* End PBXVariantGroup section */

/* Begin XCBuildConfiguration section */
		AA1E36BA1808F80B00594856 /* Debug */ = {
			isa = XCBuildConfiguration;
			buildSettings = {
				ALWAYS_SEARCH_USER_PATHS = NO;
				ARCHS = "$(ARCHS_STANDARD_INCLUDING_64_BIT)";
				CLANG_CXX_LANGUAGE_STANDARD = "gnu++0x";
				CLANG_CXX_LIBRARY = "libc++";
				CLANG_ENABLE_MODULES = YES;
				CLANG_ENABLE_OBJC_ARC = YES;
				CLANG_WARN_BOOL_CONVERSION = YES;
				CLANG_WARN_CONSTANT_CONVERSION = YES;
				CLANG_WARN_DIRECT_OBJC_ISA_USAGE = YES_ERROR;
				CLANG_WARN_EMPTY_BODY = YES;
				CLANG_WARN_ENUM_CONVERSION = YES;
				CLANG_WARN_INT_CONVERSION = YES;
				CLANG_WARN_OBJC_ROOT_CLASS = YES_ERROR;
				CLANG_WARN__DUPLICATE_METHOD_MATCH = YES;
				"CODE_SIGN_IDENTITY[sdk=iphoneos*]" = "iPhone Developer";
				COPY_PHASE_STRIP = NO;
				GCC_C_LANGUAGE_STANDARD = gnu99;
				GCC_DYNAMIC_NO_PIC = NO;
				GCC_OPTIMIZATION_LEVEL = 0;
				GCC_PREPROCESSOR_DEFINITIONS = (
					"DEBUG=1",
					"$(inherited)",
				);
				GCC_SYMBOLS_PRIVATE_EXTERN = NO;
				GCC_WARN_64_TO_32_BIT_CONVERSION = YES;
				GCC_WARN_ABOUT_RETURN_TYPE = YES_ERROR;
				GCC_WARN_UNDECLARED_SELECTOR = YES;
				GCC_WARN_UNINITIALIZED_AUTOS = YES;
				GCC_WARN_UNUSED_FUNCTION = YES;
				GCC_WARN_UNUSED_VARIABLE = YES;
				IPHONEOS_DEPLOYMENT_TARGET = 7.0;
				ONLY_ACTIVE_ARCH = YES;
				SDKROOT = iphoneos;
				TARGETED_DEVICE_FAMILY = "1,2";
			};
			name = Debug;
		};
		AA1E36BB1808F80B00594856 /* Release */ = {
			isa = XCBuildConfiguration;
			buildSettings = {
				ALWAYS_SEARCH_USER_PATHS = NO;
				ARCHS = "$(ARCHS_STANDARD_INCLUDING_64_BIT)";
				CLANG_CXX_LANGUAGE_STANDARD = "gnu++0x";
				CLANG_CXX_LIBRARY = "libc++";
				CLANG_ENABLE_MODULES = YES;
				CLANG_ENABLE_OBJC_ARC = YES;
				CLANG_WARN_BOOL_CONVERSION = YES;
				CLANG_WARN_CONSTANT_CONVERSION = YES;
				CLANG_WARN_DIRECT_OBJC_ISA_USAGE = YES_ERROR;
				CLANG_WARN_EMPTY_BODY = YES;
				CLANG_WARN_ENUM_CONVERSION = YES;
				CLANG_WARN_INT_CONVERSION = YES;
				CLANG_WARN_OBJC_ROOT_CLASS = YES_ERROR;
				CLANG_WARN__DUPLICATE_METHOD_MATCH = YES;
				"CODE_SIGN_IDENTITY[sdk=iphoneos*]" = "iPhone Developer";
				COPY_PHASE_STRIP = YES;
				ENABLE_NS_ASSERTIONS = NO;
				GCC_C_LANGUAGE_STANDARD = gnu99;
				GCC_WARN_64_TO_32_BIT_CONVERSION = YES;
				GCC_WARN_ABOUT_RETURN_TYPE = YES_ERROR;
				GCC_WARN_UNDECLARED_SELECTOR = YES;
				GCC_WARN_UNINITIALIZED_AUTOS = YES;
				GCC_WARN_UNUSED_FUNCTION = YES;
				GCC_WARN_UNUSED_VARIABLE = YES;
				IPHONEOS_DEPLOYMENT_TARGET = 7.0;
				SDKROOT = iphoneos;
				TARGETED_DEVICE_FAMILY = "1,2";
				VALIDATE_PRODUCT = YES;
			};
			name = Release;
		};
		AA1E36BD1808F80B00594856 /* Debug */ = {
			isa = XCBuildConfiguration;
			baseConfigurationReference = 9791054768BF40B9A45934CB /* Pods.xcconfig */;
			buildSettings = {
				ASSETCATALOG_COMPILER_APPICON_NAME = AppIcon;
				ASSETCATALOG_COMPILER_LAUNCHIMAGE_NAME = LaunchImage;
				GCC_PRECOMPILE_PREFIX_HEADER = YES;
				GCC_PREFIX_HEADER = "Notifications/Notifications-Prefix.pch";
				INFOPLIST_FILE = "Notifications/Notifications-Info.plist";
				OTHER_LDFLAGS = (
					"-ObjC",
					"-framework",
					CoreGraphics,
					"-framework",
					MobileCoreServices,
					"-framework",
					Security,
					"-framework",
					SystemConfiguration,
				);
				PRODUCT_NAME = "$(TARGET_NAME)";
				WRAPPER_EXTENSION = app;
			};
			name = Debug;
		};
		AA1E36BE1808F80B00594856 /* Release */ = {
			isa = XCBuildConfiguration;
			baseConfigurationReference = 9791054768BF40B9A45934CB /* Pods.xcconfig */;
			buildSettings = {
				ASSETCATALOG_COMPILER_APPICON_NAME = AppIcon;
				ASSETCATALOG_COMPILER_LAUNCHIMAGE_NAME = LaunchImage;
				GCC_PRECOMPILE_PREFIX_HEADER = YES;
				GCC_PREFIX_HEADER = "Notifications/Notifications-Prefix.pch";
				INFOPLIST_FILE = "Notifications/Notifications-Info.plist";
				OTHER_LDFLAGS = (
					"-ObjC",
					"-framework",
					CoreGraphics,
					"-framework",
					MobileCoreServices,
					"-framework",
					Security,
					"-framework",
					SystemConfiguration,
				);
				PRODUCT_NAME = "$(TARGET_NAME)";
				WRAPPER_EXTENSION = app;
			};
			name = Release;
		};
		AA1E36C01808F80B00594856 /* Debug */ = {
			isa = XCBuildConfiguration;
			buildSettings = {
				ARCHS = "$(ARCHS_STANDARD_INCLUDING_64_BIT)";
				BUNDLE_LOADER = "$(BUILT_PRODUCTS_DIR)/Notifications.app/Notifications";
				FRAMEWORK_SEARCH_PATHS = (
					"$(SDKROOT)/Developer/Library/Frameworks",
					"$(inherited)",
					"$(DEVELOPER_FRAMEWORKS_DIR)",
				);
				GCC_PRECOMPILE_PREFIX_HEADER = YES;
				GCC_PREFIX_HEADER = "Notifications/Notifications-Prefix.pch";
				GCC_PREPROCESSOR_DEFINITIONS = (
					"DEBUG=1",
					"$(inherited)",
				);
				INFOPLIST_FILE = "NotificationsTests/NotificationsTests-Info.plist";
				PRODUCT_NAME = "$(TARGET_NAME)";
				TEST_HOST = "$(BUNDLE_LOADER)";
				WRAPPER_EXTENSION = xctest;
			};
			name = Debug;
		};
		AA1E36C11808F80B00594856 /* Release */ = {
			isa = XCBuildConfiguration;
			buildSettings = {
				ARCHS = "$(ARCHS_STANDARD_INCLUDING_64_BIT)";
				BUNDLE_LOADER = "$(BUILT_PRODUCTS_DIR)/Notifications.app/Notifications";
				FRAMEWORK_SEARCH_PATHS = (
					"$(SDKROOT)/Developer/Library/Frameworks",
					"$(inherited)",
					"$(DEVELOPER_FRAMEWORKS_DIR)",
				);
				GCC_PRECOMPILE_PREFIX_HEADER = YES;
				GCC_PREFIX_HEADER = "Notifications/Notifications-Prefix.pch";
				INFOPLIST_FILE = "NotificationsTests/NotificationsTests-Info.plist";
				PRODUCT_NAME = "$(TARGET_NAME)";
				TEST_HOST = "$(BUNDLE_LOADER)";
				WRAPPER_EXTENSION = xctest;
			};
			name = Release;
		};
/* End XCBuildConfiguration section */

/* Begin XCConfigurationList section */
		AA1E36821808F80A00594856 /* Build configuration list for PBXProject "Notifications" */ = {
			isa = XCConfigurationList;
			buildConfigurations = (
				AA1E36BA1808F80B00594856 /* Debug */,
				AA1E36BB1808F80B00594856 /* Release */,
			);
			defaultConfigurationIsVisible = 0;
			defaultConfigurationName = Release;
		};
		AA1E36BC1808F80B00594856 /* Build configuration list for PBXNativeTarget "Notifications" */ = {
			isa = XCConfigurationList;
			buildConfigurations = (
				AA1E36BD1808F80B00594856 /* Debug */,
				AA1E36BE1808F80B00594856 /* Release */,
			);
			defaultConfigurationIsVisible = 0;
			defaultConfigurationName = Release;
		};
		AA1E36BF1808F80B00594856 /* Build configuration list for PBXNativeTarget "NotificationsTests" */ = {
			isa = XCConfigurationList;
			buildConfigurations = (
				AA1E36C01808F80B00594856 /* Debug */,
				AA1E36C11808F80B00594856 /* Release */,
			);
			defaultConfigurationIsVisible = 0;
			defaultConfigurationName = Release;
		};
/* End XCConfigurationList section */
	};
	rootObject = AA1E367F1808F80A00594856 /* Project object */;
}
